# This file is generated by running "yarn install" inside your project.
# Manual changes might be lost - proceed with caution!

__metadata:
  version: 5
  cacheKey: 8

"atom-pubsub@workspace:.":
  version: 0.0.0-use.local
  resolution: "atom-pubsub@workspace:."
  dependencies:
    nanoid: ^3.1.30
    typescript: ^4.4.4
  languageName: unknown
  linkType: soft

"nanoid@npm:^3.1.30":
  version: 3.1.30
  resolution: "nanoid@npm:3.1.30"
  bin:
    nanoid: bin/nanoid.cjs
  checksum: 276d0d4b0c41c46aeefec5f09f093e4085a2352d06881c845db22b84f8ef72cc8defae6d76bfb1d8a2a128eb2dec42ab148d16582be4e7754c97905806ef57b6
  languageName: node
  linkType: hard

"typescript@npm:^4.4.4":
  version: 4.4.4
  resolution: "typescript@npm:4.4.4"
  bin:
    tsc: bin/tsc
    tsserver: bin/tsserver
  checksum: 89ecb8436bb48ef5594d49289f5f89103071716b6e4844278f4fb3362856e31203e187a9c76d205c3f0b674d221a058fd28310dbcbcf5d95e9a57229bb5203f1
  languageName: node
  linkType: hard

"typescript@patch:typescript@^4.4.4#~builtin<compat/typescript>":
  version: 4.4.4
  resolution: "typescript@patch:typescript@npm%3A4.4.4#~builtin<compat/typescript>::version=4.4.4&hash=493e53"
  bin:
    tsc: bin/tsc
    tsserver: bin/tsserver
  checksum: bd629ad0da4a15d79aaad56baf3ee7d96f6a181760d430ae77f8c5325df7bffd9edee57544a3970e3651e8b796fe03a5838a7eb39c6d46cc3866c0b23d36a0dd
  languageName: node
  linkType: hard
